// !$*UTF8*$!
{
	archiveVersion = 1;
	classes = {
	};
	objectVersion = 56;
	objects = {

/* Begin PBXBuildFile section */
		6332D0352A189E8500FD8ADA /* AppDelegate.swift in Sources */ = {isa = PBXBuildFile; fileRef = 6332D0342A189E8500FD8ADA /* AppDelegate.swift */; };
		6332D0372A189E8500FD8ADA /* SceneDelegate.swift in Sources */ = {isa = PBXBuildFile; fileRef = 6332D0362A189E8500FD8ADA /* SceneDelegate.swift */; };
		6332D03C2A189E8500FD8ADA /* Main.storyboard in Resources */ = {isa = PBXBuildFile; fileRef = 6332D03A2A189E8500FD8ADA /* Main.storyboard */; };
		6332D03F2A189E8500FD8ADA /* AssignmentTest.xcdatamodeld in Sources */ = {isa = PBXBuildFile; fileRef = 6332D03D2A189E8500FD8ADA /* AssignmentTest.xcdatamodeld */; };
		6332D0412A189E8700FD8ADA /* Assets.xcassets in Resources */ = {isa = PBXBuildFile; fileRef = 6332D0402A189E8700FD8ADA /* Assets.xcassets */; };
		6332D0442A189E8700FD8ADA /* LaunchScreen.storyboard in Resources */ = {isa = PBXBuildFile; fileRef = 6332D0422A189E8700FD8ADA /* LaunchScreen.storyboard */; };
		6332D0572A18A13800FD8ADA /* DetailViewController.swift in Sources */ = {isa = PBXBuildFile; fileRef = 6332D0562A18A13800FD8ADA /* DetailViewController.swift */; };
		6332D0592A18A15E00FD8ADA /* DetailViewModel.swift in Sources */ = {isa = PBXBuildFile; fileRef = 6332D0582A18A15E00FD8ADA /* DetailViewModel.swift */; };
		6332D0622A18A1CF00FD8ADA /* ListsViewController.m in Sources */ = {isa = PBXBuildFile; fileRef = 6332D0612A18A1CF00FD8ADA /* ListsViewController.m */; };
		6332D0652A18A26600FD8ADA /* ListModel.swift in Sources */ = {isa = PBXBuildFile; fileRef = 6332D0642A18A26600FD8ADA /* ListModel.swift */; };
		6332D06D2A18C8F700FD8ADA /* ListTVCell.xib in Resources */ = {isa = PBXBuildFile; fileRef = 6332D06B2A18C8F700FD8ADA /* ListTVCell.xib */; };
		6332D08E2A19370700FD8ADA /* SplashViewController.swift in Sources */ = {isa = PBXBuildFile; fileRef = 6332D08D2A19370700FD8ADA /* SplashViewController.swift */; };
		6332D0902A19372500FD8ADA /* SplashViewModel.swift in Sources */ = {isa = PBXBuildFile; fileRef = 6332D08F2A19372500FD8ADA /* SplashViewModel.swift */; };
		6332D0982A1945CC00FD8ADA /* ListTVCell.m in Sources */ = {isa = PBXBuildFile; fileRef = 6332D0972A1945CC00FD8ADA /* ListTVCell.m */; };
		6332D09C2A19496600FD8ADA /* MBProgressHUD.m in Sources */ = {isa = PBXBuildFile; fileRef = 6332D09B2A19496600FD8ADA /* MBProgressHUD.m */; };
		A683B6B293EACF77C4E4E84E /* Pods_AssignmentTest.framework in Frameworks */ = {isa = PBXBuildFile; fileRef = 5F25209D6B553E0E060B2F8B /* Pods_AssignmentTest.framework */; };
/* End PBXBuildFile section */

/* Begin PBXFileReference section */
		0E7F958E8FB859C108A84EBB /* Pods-AssignmentTest.release.xcconfig */ = {isa = PBXFileReference; includeInIndex = 1; lastKnownFileType = text.xcconfig; name = "Pods-AssignmentTest.release.xcconfig"; path = "Target Support Files/Pods-AssignmentTest/Pods-AssignmentTest.release.xcconfig"; sourceTree = "<group>"; };
		4331B9763988F4C9654F8D05 /* Pods-AssignmentTest.debug.xcconfig */ = {isa = PBXFileReference; includeInIndex = 1; lastKnownFileType = text.xcconfig; name = "Pods-AssignmentTest.debug.xcconfig"; path = "Target Support Files/Pods-AssignmentTest/Pods-AssignmentTest.debug.xcconfig"; sourceTree = "<group>"; };
		5F25209D6B553E0E060B2F8B /* Pods_AssignmentTest.framework */ = {isa = PBXFileReference; explicitFileType = wrapper.framework; includeInIndex = 0; path = Pods_AssignmentTest.framework; sourceTree = BUILT_PRODUCTS_DIR; };
		6332D0312A189E8500FD8ADA /* AssignmentTest.app */ = {isa = PBXFileReference; explicitFileType = wrapper.application; includeInIndex = 0; path = AssignmentTest.app; sourceTree = BUILT_PRODUCTS_DIR; };
		6332D0342A189E8500FD8ADA /* AppDelegate.swift */ = {isa = PBXFileReference; lastKnownFileType = sourcecode.swift; path = AppDelegate.swift; sourceTree = "<group>"; };
		6332D0362A189E8500FD8ADA /* SceneDelegate.swift */ = {isa = PBXFileReference; lastKnownFileType = sourcecode.swift; path = SceneDelegate.swift; sourceTree = "<group>"; };
		6332D03B2A189E8500FD8ADA /* Base */ = {isa = PBXFileReference; lastKnownFileType = file.storyboard; name = Base; path = Base.lproj/Main.storyboard; sourceTree = "<group>"; };
		6332D03E2A189E8500FD8ADA /* AssignmentTest.xcdatamodel */ = {isa = PBXFileReference; lastKnownFileType = wrapper.xcdatamodel; path = AssignmentTest.xcdatamodel; sourceTree = "<group>"; };
		6332D0402A189E8700FD8ADA /* Assets.xcassets */ = {isa = PBXFileReference; lastKnownFileType = folder.assetcatalog; path = Assets.xcassets; sourceTree = "<group>"; };
		6332D0432A189E8700FD8ADA /* Base */ = {isa = PBXFileReference; lastKnownFileType = file.storyboard; name = Base; path = Base.lproj/LaunchScreen.storyboard; sourceTree = "<group>"; };
		6332D0452A189E8700FD8ADA /* Info.plist */ = {isa = PBXFileReference; lastKnownFileType = text.plist.xml; path = Info.plist; sourceTree = "<group>"; };
		6332D0562A18A13800FD8ADA /* DetailViewController.swift */ = {isa = PBXFileReference; lastKnownFileType = sourcecode.swift; path = DetailViewController.swift; sourceTree = "<group>"; };
		6332D0582A18A15E00FD8ADA /* DetailViewModel.swift */ = {isa = PBXFileReference; lastKnownFileType = sourcecode.swift; path = DetailViewModel.swift; sourceTree = "<group>"; };
		6332D05C2A18A1B400FD8ADA /* AssignmentTest-Bridging-Header.h */ = {isa = PBXFileReference; lastKnownFileType = sourcecode.c.h; path = "AssignmentTest-Bridging-Header.h"; sourceTree = "<group>"; };
		6332D0602A18A1CF00FD8ADA /* ListsViewController.h */ = {isa = PBXFileReference; lastKnownFileType = sourcecode.c.h; path = ListsViewController.h; sourceTree = "<group>"; };
		6332D0612A18A1CF00FD8ADA /* ListsViewController.m */ = {isa = PBXFileReference; lastKnownFileType = sourcecode.c.objc; path = ListsViewController.m; sourceTree = "<group>"; };
		6332D0642A18A26600FD8ADA /* ListModel.swift */ = {isa = PBXFileReference; lastKnownFileType = sourcecode.swift; path = ListModel.swift; sourceTree = "<group>"; };
		6332D06B2A18C8F700FD8ADA /* ListTVCell.xib */ = {isa = PBXFileReference; lastKnownFileType = file.xib; path = ListTVCell.xib; sourceTree = "<group>"; };
		6332D08D2A19370700FD8ADA /* SplashViewController.swift */ = {isa = PBXFileReference; lastKnownFileType = sourcecode.swift; path = SplashViewController.swift; sourceTree = "<group>"; };
		6332D08F2A19372500FD8ADA /* SplashViewModel.swift */ = {isa = PBXFileReference; lastKnownFileType = sourcecode.swift; path = SplashViewModel.swift; sourceTree = "<group>"; };
		6332D0962A1945CC00FD8ADA /* ListTVCell.h */ = {isa = PBXFileReference; lastKnownFileType = sourcecode.c.h; path = ListTVCell.h; sourceTree = "<group>"; };
		6332D0972A1945CC00FD8ADA /* ListTVCell.m */ = {isa = PBXFileReference; lastKnownFileType = sourcecode.c.objc; path = ListTVCell.m; sourceTree = "<group>"; };
		6332D09A2A19496600FD8ADA /* MBProgressHUD.h */ = {isa = PBXFileReference; fileEncoding = 4; lastKnownFileType = sourcecode.c.h; path = MBProgressHUD.h; sourceTree = "<group>"; };
		6332D09B2A19496600FD8ADA /* MBProgressHUD.m */ = {isa = PBXFileReference; fileEncoding = 4; lastKnownFileType = sourcecode.c.objc; path = MBProgressHUD.m; sourceTree = "<group>"; };
/* End PBXFileReference section */

/* Begin PBXFrameworksBuildPhase section */
		6332D02E2A189E8500FD8ADA /* Frameworks */ = {
			isa = PBXFrameworksBuildPhase;
			buildActionMask = 2147483647;
			files = (
				A683B6B293EACF77C4E4E84E /* Pods_AssignmentTest.framework in Frameworks */,
			);
			runOnlyForDeploymentPostprocessing = 0;
		};
/* End PBXFrameworksBuildPhase section */

/* Begin PBXGroup section */
		033BFC9E51EAD6B2D54ED5F7 /* Pods */ = {
			isa = PBXGroup;
			children = (
				4331B9763988F4C9654F8D05 /* Pods-AssignmentTest.debug.xcconfig */,
				0E7F958E8FB859C108A84EBB /* Pods-AssignmentTest.release.xcconfig */,
			);
			path = Pods;
			sourceTree = "<group>";
		};
		6332D0282A189E8500FD8ADA = {
			isa = PBXGroup;
			children = (
				6332D0332A189E8500FD8ADA /* AssignmentTest */,
				6332D0322A189E8500FD8ADA /* Products */,
				033BFC9E51EAD6B2D54ED5F7 /* Pods */,
				C1777E8BE5EBEE4580DE5C89 /* Frameworks */,
			);
			sourceTree = "<group>";
		};
		6332D0322A189E8500FD8ADA /* Products */ = {
			isa = PBXGroup;
			children = (
				6332D0312A189E8500FD8ADA /* AssignmentTest.app */,
			);
			name = Products;
			sourceTree = "<group>";
		};
		6332D0332A189E8500FD8ADA /* AssignmentTest */ = {
			isa = PBXGroup;
			children = (
				6332D04D2A189F1C00FD8ADA /* TableviewCells */,
				6332D04C2A189EC000FD8ADA /* ViewControllers */,
				6332D04B2A189EAF00FD8ADA /* Model */,
				6332D0992A1948F300FD8ADA /* Support */,
				6332D0342A189E8500FD8ADA /* AppDelegate.swift */,
				6332D0362A189E8500FD8ADA /* SceneDelegate.swift */,
				6332D03A2A189E8500FD8ADA /* Main.storyboard */,
				6332D0402A189E8700FD8ADA /* Assets.xcassets */,
				6332D0422A189E8700FD8ADA /* LaunchScreen.storyboard */,
				6332D0452A189E8700FD8ADA /* Info.plist */,
				6332D03D2A189E8500FD8ADA /* AssignmentTest.xcdatamodeld */,
			);
			path = AssignmentTest;
			sourceTree = "<group>";
		};
		6332D04B2A189EAF00FD8ADA /* Model */ = {
			isa = PBXGroup;
			children = (
				6332D0632A18A21A00FD8ADA /* ListModel */,
			);
			path = Model;
			sourceTree = "<group>";
		};
		6332D04C2A189EC000FD8ADA /* ViewControllers */ = {
			isa = PBXGroup;
			children = (
				6332D08C2A19368C00FD8ADA /* SplashViewController */,
				6332D0522A18A07D00FD8ADA /* ListViewController */,
				6332D0532A18A09800FD8ADA /* DetailViewController */,
			);
			path = ViewControllers;
			sourceTree = "<group>";
		};
		6332D04D2A189F1C00FD8ADA /* TableviewCells */ = {
			isa = PBXGroup;
			children = (
				6332D0962A1945CC00FD8ADA /* ListTVCell.h */,
				6332D0972A1945CC00FD8ADA /* ListTVCell.m */,
				6332D06B2A18C8F700FD8ADA /* ListTVCell.xib */,
			);
			path = TableviewCells;
			sourceTree = "<group>";
		};
		6332D0522A18A07D00FD8ADA /* ListViewController */ = {
			isa = PBXGroup;
			children = (
				6332D0602A18A1CF00FD8ADA /* ListsViewController.h */,
				6332D0612A18A1CF00FD8ADA /* ListsViewController.m */,
				6332D05C2A18A1B400FD8ADA /* AssignmentTest-Bridging-Header.h */,
			);
			path = ListViewController;
			sourceTree = "<group>";
		};
		6332D0532A18A09800FD8ADA /* DetailViewController */ = {
			isa = PBXGroup;
			children = (
				6332D0562A18A13800FD8ADA /* DetailViewController.swift */,
				6332D0582A18A15E00FD8ADA /* DetailViewModel.swift */,
			);
			path = DetailViewController;
			sourceTree = "<group>";
		};
		6332D0632A18A21A00FD8ADA /* ListModel */ = {
			isa = PBXGroup;
			children = (
				6332D0642A18A26600FD8ADA /* ListModel.swift */,
			);
			path = ListModel;
			sourceTree = "<group>";
		};
		6332D08C2A19368C00FD8ADA /* SplashViewController */ = {
			isa = PBXGroup;
			children = (
				6332D08D2A19370700FD8ADA /* SplashViewController.swift */,
				6332D08F2A19372500FD8ADA /* SplashViewModel.swift */,
			);
			path = SplashViewController;
			sourceTree = "<group>";
		};
		6332D0992A1948F300FD8ADA /* Support */ = {
			isa = PBXGroup;
			children = (
				6332D09A2A19496600FD8ADA /* MBProgressHUD.h */,
				6332D09B2A19496600FD8ADA /* MBProgressHUD.m */,
			);
			path = Support;
			sourceTree = "<group>";
		};
		C1777E8BE5EBEE4580DE5C89 /* Frameworks */ = {
			isa = PBXGroup;
			children = (
				5F25209D6B553E0E060B2F8B /* Pods_AssignmentTest.framework */,
			);
			name = Frameworks;
			sourceTree = "<group>";
		};
/* End PBXGroup section */

/* Begin PBXNativeTarget section */
		6332D0302A189E8500FD8ADA /* AssignmentTest */ = {
			isa = PBXNativeTarget;
			buildConfigurationList = 6332D0482A189E8700FD8ADA /* Build configuration list for PBXNativeTarget "AssignmentTest" */;
			buildPhases = (
				E2046ABB8510EA0AA9ED6679 /* [CP] Check Pods Manifest.lock */,
				6332D02D2A189E8500FD8ADA /* Sources */,
				6332D02E2A189E8500FD8ADA /* Frameworks */,
				6332D02F2A189E8500FD8ADA /* Resources */,
				C2D5ABDC5AACEB41ACEBBF39 /* [CP] Embed Pods Frameworks */,
			);
			buildRules = (
			);
			dependencies = (
			);
			name = AssignmentTest;
			productName = AssignmentTest;
			productReference = 6332D0312A189E8500FD8ADA /* AssignmentTest.app */;
			productType = "com.apple.product-type.application";
		};
/* End PBXNativeTarget section */

/* Begin PBXProject section */
		6332D0292A189E8500FD8ADA /* Project object */ = {
			isa = PBXProject;
			attributes = {
				BuildIndependentTargetsInParallel = 1;
				LastSwiftUpdateCheck = 1400;
				LastUpgradeCheck = 1400;
				TargetAttributes = {
					6332D0302A189E8500FD8ADA = {
						CreatedOnToolsVersion = 14.0;
						LastSwiftMigration = 1400;
					};
				};
			};
			buildConfigurationList = 6332D02C2A189E8500FD8ADA /* Build configuration list for PBXProject "AssignmentTest" */;
			compatibilityVersion = "Xcode 14.0";
			developmentRegion = en;
			hasScannedForEncodings = 0;
			knownRegions = (
				en,
				Base,
			);
			mainGroup = 6332D0282A189E8500FD8ADA;
			productRefGroup = 6332D0322A189E8500FD8ADA /* Products */;
			projectDirPath = "";
			projectRoot = "";
			targets = (
				6332D0302A189E8500FD8ADA /* AssignmentTest */,
			);
		};
/* End PBXProject section */

/* Begin PBXResourcesBuildPhase section */
		6332D02F2A189E8500FD8ADA /* Resources */ = {
			isa = PBXResourcesBuildPhase;
			buildActionMask = 2147483647;
			files = (
				6332D0442A189E8700FD8ADA /* LaunchScreen.storyboard in Resources */,
				6332D06D2A18C8F700FD8ADA /* ListTVCell.xib in Resources */,
				6332D0412A189E8700FD8ADA /* Assets.xcassets in Resources */,
				6332D03C2A189E8500FD8ADA /* Main.storyboard in Resources */,
			);
			runOnlyForDeploymentPostprocessing = 0;
		};
/* End PBXResourcesBuildPhase section */

/* Begin PBXShellScriptBuildPhase section */
		C2D5ABDC5AACEB41ACEBBF39 /* [CP] Embed Pods Frameworks */ = {
			isa = PBXShellScriptBuildPhase;
			buildActionMask = 2147483647;
			files = (
			);
			inputFileListPaths = (
				"${PODS_ROOT}/Target Support Files/Pods-AssignmentTest/Pods-AssignmentTest-frameworks-${CONFIGURATION}-input-files.xcfilelist",
			);
			name = "[CP] Embed Pods Frameworks";
			outputFileListPaths = (
				"${PODS_ROOT}/Target Support Files/Pods-AssignmentTest/Pods-AssignmentTest-frameworks-${CONFIGURATION}-output-files.xcfilelist",
			);
			runOnlyForDeploymentPostprocessing = 0;
			shellPath = /bin/sh;
			shellScript = "\"${PODS_ROOT}/Target Support Files/Pods-AssignmentTest/Pods-AssignmentTest-frameworks.sh\"\n";
			showEnvVarsInLog = 0;
		};
		E2046ABB8510EA0AA9ED6679 /* [CP] Check Pods Manifest.lock */ = {
			isa = PBXShellScriptBuildPhase;
			buildActionMask = 2147483647;
			files = (
			);
			inputFileListPaths = (
			);
			inputPaths = (
				"${PODS_PODFILE_DIR_PATH}/Podfile.lock",
				"${PODS_ROOT}/Manifest.lock",
			);
			name = "[CP] Check Pods Manifest.lock";
			outputFileListPaths = (
			);
			outputPaths = (
				"$(DERIVED_FILE_DIR)/Pods-AssignmentTest-checkManifestLockResult.txt",
			);
			runOnlyForDeploymentPostprocessing = 0;
			shellPath = /bin/sh;
			shellScript = "diff \"${PODS_PODFILE_DIR_PATH}/Podfile.lock\" \"${PODS_ROOT}/Manifest.lock\" > /dev/null\nif [ $? != 0 ] ; then\n    # print error to STDERR\n    echo \"error: The sandbox is not in sync with the Podfile.lock. Run 'pod install' or update your CocoaPods installation.\" >&2\n    exit 1\nfi\n# This output is used by Xcode 'outputs' to avoid re-running this script phase.\necho \"SUCCESS\" > \"${SCRIPT_OUTPUT_FILE_0}\"\n";
			showEnvVarsInLog = 0;
		};
/* End PBXShellScriptBuildPhase section */

/* Begin PBXSourcesBuildPhase section */
		6332D02D2A189E8500FD8ADA /* Sources */ = {
			isa = PBXSourcesBuildPhase;
			buildActionMask = 2147483647;
			files = (
				6332D0902A19372500FD8ADA /* SplashViewModel.swift in Sources */,
				6332D0622A18A1CF00FD8ADA /* ListsViewController.m in Sources */,
				6332D03F2A189E8500FD8ADA /* AssignmentTest.xcdatamodeld in Sources */,
				6332D0592A18A15E00FD8ADA /* DetailViewModel.swift in Sources */,
				6332D08E2A19370700FD8ADA /* SplashViewController.swift in Sources */,
				6332D0982A1945CC00FD8ADA /* ListTVCell.m in Sources */,
				6332D0352A189E8500FD8ADA /* AppDelegate.swift in Sources */,
				6332D0372A189E8500FD8ADA /* SceneDelegate.swift in Sources */,
				6332D0572A18A13800FD8ADA /* DetailViewController.swift in Sources */,
				6332D0652A18A26600FD8ADA /* ListModel.swift in Sources */,
				6332D09C2A19496600FD8ADA /* MBProgressHUD.m in Sources */,
			);
			runOnlyForDeploymentPostprocessing = 0;
		};
/* End PBXSourcesBuildPhase section */

/* Begin PBXVariantGroup section */
		6332D03A2A189E8500FD8ADA /* Main.storyboard */ = {
			isa = PBXVariantGroup;
			children = (
				6332D03B2A189E8500FD8ADA /* Base */,
			);
			name = Main.storyboard;
			sourceTree = "<group>";
		};
		6332D0422A189E8700FD8ADA /* LaunchScreen.storyboard */ = {
			isa = PBXVariantGroup;
			children = (
				6332D0432A189E8700FD8ADA /* Base */,
			);
			name = LaunchScreen.storyboard;
			sourceTree = "<group>";
		};
/* End PBXVariantGroup section */

/* Begin XCBuildConfiguration section */
		6332D0462A189E8700FD8ADA /* Debug */ = {
			isa = XCBuildConfiguration;
			buildSettings = {
				ALWAYS_SEARCH_USER_PATHS = NO;
				CLANG_ANALYZER_NONNULL = YES;
				CLANG_ANALYZER_NUMBER_OBJECT_CONVERSION = YES_AGGRESSIVE;
				CLANG_CXX_LANGUAGE_STANDARD = "gnu++20";
				CLANG_ENABLE_MODULES = YES;
				CLANG_ENABLE_OBJC_ARC = YES;
				CLANG_ENABLE_OBJC_WEAK = YES;
				CLANG_WARN_BLOCK_CAPTURE_AUTORELEASING = YES;
				CLANG_WARN_BOOL_CONVERSION = YES;
				CLANG_WARN_COMMA = YES;
				CLANG_WARN_CONSTANT_CONVERSION = YES;
				CLANG_WARN_DEPRECATED_OBJC_IMPLEMENTATIONS = YES;
				CLANG_WARN_DIRECT_OBJC_ISA_USAGE = YES_ERROR;
				CLANG_WARN_DOCUMENTATION_COMMENTS = YES;
				CLANG_WARN_EMPTY_BODY = YES;
				CLANG_WARN_ENUM_CONVERSION = YES;
				CLANG_WARN_INFINITE_RECURSION = YES;
				CLANG_WARN_INT_CONVERSION = YES;
				CLANG_WARN_NON_LITERAL_NULL_CONVERSION = YES;
				CLANG_WARN_OBJC_IMPLICIT_RETAIN_SELF = YES;
				CLANG_WARN_OBJC_LITERAL_CONVERSION = YES;
				CLANG_WARN_OBJC_ROOT_CLASS = YES_ERROR;
				CLANG_WARN_QUOTED_INCLUDE_IN_FRAMEWORK_HEADER = YES;
				CLANG_WARN_RANGE_LOOP_ANALYSIS = YES;
				CLANG_WARN_STRICT_PROTOTYPES = YES;
				CLANG_WARN_SUSPICIOUS_MOVE = YES;
				CLANG_WARN_UNGUARDED_AVAILABILITY = YES_AGGRESSIVE;
				CLANG_WARN_UNREACHABLE_CODE = YES;
				CLANG_WARN__DUPLICATE_METHOD_MATCH = YES;
				COPY_PHASE_STRIP = NO;
				DEBUG_INFORMATION_FORMAT = dwarf;
				ENABLE_STRICT_OBJC_MSGSEND = YES;
				ENABLE_TESTABILITY = YES;
				GCC_C_LANGUAGE_STANDARD = gnu11;
				GCC_DYNAMIC_NO_PIC = NO;
				GCC_NO_COMMON_BLOCKS = YES;
				GCC_OPTIMIZATION_LEVEL = 0;
				GCC_PREPROCESSOR_DEFINITIONS = (
					"DEBUG=1",
					"$(inherited)",
				);
				GCC_WARN_64_TO_32_BIT_CONVERSION = YES;
				GCC_WARN_ABOUT_RETURN_TYPE = YES_ERROR;
				GCC_WARN_UNDECLARED_SELECTOR = YES;
				GCC_WARN_UNINITIALIZED_AUTOS = YES_AGGRESSIVE;
				GCC_WARN_UNUSED_FUNCTION = YES;
				GCC_WARN_UNUSED_VARIABLE = YES;
				IPHONEOS_DEPLOYMENT_TARGET = 16.0;
				MTL_ENABLE_DEBUG_INFO = INCLUDE_SOURCE;
				MTL_FAST_MATH = YES;
				ONLY_ACTIVE_ARCH = YES;
				SDKROOT = iphoneos;
				SWIFT_ACTIVE_COMPILATION_CONDITIONS = DEBUG;
				SWIFT_OPTIMIZATION_LEVEL = "-Onone";
			};
			name = Debug;
		};
		6332D0472A189E8700FD8ADA /* Release */ = {
			isa = XCBuildConfiguration;
			buildSettings = {
				ALWAYS_SEARCH_USER_PATHS = NO;
				CLANG_ANALYZER_NONNULL = YES;
				CLANG_ANALYZER_NUMBER_OBJECT_CONVERSION = YES_AGGRESSIVE;
				CLANG_CXX_LANGUAGE_STANDARD = "gnu++20";
				CLANG_ENABLE_MODULES = YES;
				CLANG_ENABLE_OBJC_ARC = YES;
				CLANG_ENABLE_OBJC_WEAK = YES;
				CLANG_WARN_BLOCK_CAPTURE_AUTORELEASING = YES;
				CLANG_WARN_BOOL_CONVERSION = YES;
				CLANG_WARN_COMMA = YES;
				CLANG_WARN_CONSTANT_CONVERSION = YES;
				CLANG_WARN_DEPRECATED_OBJC_IMPLEMENTATIONS = YES;
				CLANG_WARN_DIRECT_OBJC_ISA_USAGE = YES_ERROR;
				CLANG_WARN_DOCUMENTATION_COMMENTS = YES;
				CLANG_WARN_EMPTY_BODY = YES;
				CLANG_WARN_ENUM_CONVERSION = YES;
				CLANG_WARN_INFINITE_RECURSION = YES;
				CLANG_WARN_INT_CONVERSION = YES;
				CLANG_WARN_NON_LITERAL_NULL_CONVERSION = YES;
				CLANG_WARN_OBJC_IMPLICIT_RETAIN_SELF = YES;
				CLANG_WARN_OBJC_LITERAL_CONVERSION = YES;
				CLANG_WARN_OBJC_ROOT_CLASS = YES_ERROR;
				CLANG_WARN_QUOTED_INCLUDE_IN_FRAMEWORK_HEADER = YES;
				CLANG_WARN_RANGE_LOOP_ANALYSIS = YES;
				CLANG_WARN_STRICT_PROTOTYPES = YES;
				CLANG_WARN_SUSPICIOUS_MOVE = YES;
				CLANG_WARN_UNGUARDED_AVAILABILITY = YES_AGGRESSIVE;
				CLANG_WARN_UNREACHABLE_CODE = YES;
				CLANG_WARN__DUPLICATE_METHOD_MATCH = YES;
				COPY_PHASE_STRIP = NO;
				DEBUG_INFORMATION_FORMAT = "dwarf-with-dsym";
				ENABLE_NS_ASSERTIONS = NO;
				ENABLE_STRICT_OBJC_MSGSEND = YES;
				GCC_C_LANGUAGE_STANDARD = gnu11;
				GCC_NO_COMMON_BLOCKS = YES;
				GCC_WARN_64_TO_32_BIT_CONVERSION = YES;
				GCC_WARN_ABOUT_RETURN_TYPE = YES_ERROR;
				GCC_WARN_UNDECLARED_SELECTOR = YES;
				GCC_WARN_UNINITIALIZED_AUTOS = YES_AGGRESSIVE;
				GCC_WARN_UNUSED_FUNCTION = YES;
				GCC_WARN_UNUSED_VARIABLE = YES;
				IPHONEOS_DEPLOYMENT_TARGET = 16.0;
				MTL_ENABLE_DEBUG_INFO = NO;
				MTL_FAST_MATH = YES;
				SDKROOT = iphoneos;
				SWIFT_COMPILATION_MODE = wholemodule;
				SWIFT_OPTIMIZATION_LEVEL = "-O";
				VALIDATE_PRODUCT = YES;
			};
			name = Release;
		};
		6332D0492A189E8700FD8ADA /* Debug */ = {
			isa = XCBuildConfiguration;
			baseConfigurationReference = 4331B9763988F4C9654F8D05 /* Pods-AssignmentTest.debug.xcconfig */;
			buildSettings = {
				ASSETCATALOG_COMPILER_APPICON_NAME = AppIcon;
				ASSETCATALOG_COMPILER_GLOBAL_ACCENT_COLOR_NAME = AccentColor;
				CLANG_ENABLE_MODULES = YES;
				CODE_SIGN_STYLE = Automatic;
				CURRENT_PROJECT_VERSION = 1;
				DEFINES_MODULE = YES;
				GENERATE_INFOPLIST_FILE = YES;
				INFOPLIST_FILE = AssignmentTest/Info.plist;
				INFOPLIST_KEY_UIApplicationSupportsIndirectInputEvents = YES;
				INFOPLIST_KEY_UILaunchStoryboardName = LaunchScreen;
				INFOPLIST_KEY_UIMainStoryboardFile = Main;
				INFOPLIST_KEY_UISupportedInterfaceOrientations = UIInterfaceOrientationPortrait;
				LD_RUNPATH_SEARCH_PATHS = (
					"$(inherited)",
					"@executable_path/Frameworks",
				);
				MARKETING_VERSION = 1.0;
				PRODUCT_BUNDLE_IDENTIFIER = com.jawed.AssignmentTest;
				PRODUCT_NAME = "$(TARGET_NAME)";
				SWIFT_EMIT_LOC_STRINGS = YES;
				SWIFT_OBJC_BRIDGING_HEADER = "AssignmentTest/ViewControllers/ListViewController/AssignmentTest-Bridging-Header.h";
				SWIFT_OPTIMIZATION_LEVEL = "-Onone";
				SWIFT_VERSION = 5.0;
				TARGETED_DEVICE_FAMILY = "1,2";
			};
			name = Debug;
		};
		6332D04A2A189E8700FD8ADA /* Release */ = {
			isa = XCBuildConfiguration;
			baseConfigurationReference = 0E7F958E8FB859C108A84EBB /* Pods-AssignmentTest.release.xcconfig */;
			buildSettings = {
				ASSETCATALOG_COMPILER_APPICON_NAME = AppIcon;
				ASSETCATALOG_COMPILER_GLOBAL_ACCENT_COLOR_NAME = AccentColor;
				CLANG_ENABLE_MODULES = YES;
				CODE_SIGN_STYLE = Automatic;
				CURRENT_PROJECT_VERSION = 1;
				DEFINES_MODULE = YES;
				GENERATE_INFOPLIST_FILE = YES;
				INFOPLIST_FILE = AssignmentTest/Info.plist;
				INFOPLIST_KEY_UIApplicationSupportsIndirectInputEvents = YES;
				INFOPLIST_KEY_UILaunchStoryboardName = LaunchScreen;
				INFOPLIST_KEY_UIMainStoryboardFile = Main;
				INFOPLIST_KEY_UISupportedInterfaceOrientations = UIInterfaceOrientationPortrait;
				LD_RUNPATH_SEARCH_PATHS = (
					"$(inherited)",
					"@executable_path/Frameworks",
				);
				MARKETING_VERSION = 1.0;
				PRODUCT_BUNDLE_IDENTIFIER = com.jawed.AssignmentTest;
				PRODUCT_NAME = "$(TARGET_NAME)";
				SWIFT_EMIT_LOC_STRINGS = YES;
				SWIFT_OBJC_BRIDGING_HEADER = "AssignmentTest/ViewControllers/ListViewController/AssignmentTest-Bridging-Header.h";
				SWIFT_VERSION = 5.0;
				TARGETED_DEVICE_FAMILY = "1,2";
			};
			name = Release;
		};
/* End XCBuildConfiguration section */

/* Begin XCConfigurationList section */
		6332D02C2A189E8500FD8ADA /* Build configuration list for PBXProject "AssignmentTest" */ = {
			isa = XCConfigurationList;
			buildConfigurations = (
				6332D0462A189E8700FD8ADA /* Debug */,
				6332D0472A189E8700FD8ADA /* Release */,
			);
			defaultConfigurationIsVisible = 0;
			defaultConfigurationName = Release;
		};
		6332D0482A189E8700FD8ADA /* Build configuration list for PBXNativeTarget "AssignmentTest" */ = {
			isa = XCConfigurationList;
			buildConfigurations = (
				6332D0492A189E8700FD8ADA /* Debug */,
				6332D04A2A189E8700FD8ADA /* Release */,
			);
			defaultConfigurationIsVisible = 0;
			defaultConfigurationName = Release;
		};
/* End XCConfigurationList section */

/* Begin XCVersionGroup section */
		6332D03D2A189E8500FD8ADA /* AssignmentTest.xcdatamodeld */ = {
			isa = XCVersionGroup;
			children = (
				6332D03E2A189E8500FD8ADA /* AssignmentTest.xcdatamodel */,
			);
			currentVersion = 6332D03E2A189E8500FD8ADA /* AssignmentTest.xcdatamodel */;
			path = AssignmentTest.xcdatamodeld;
			sourceTree = "<group>";
			versionGroupType = wrapper.xcdatamodel;
		};
/* End XCVersionGroup section */
	};
	rootObject = 6332D0292A189E8500FD8ADA /* Project object */;
}
